# generated by rye
# use `rye lock` or `rye sync` to update this lockfile
#
# last locked with the following flags:
#   pre: false
#   features: []
#   all-features: false
#   with-sources: false

-e file:.
annotated-types==0.7.0
    # via pydantic
anyio==4.4.0
    # via httpx
bounded-pool-executor==0.0.3
    # via pqdm
category-encoders==2.6.3
    # via mrmr-selection
certifi==2024.7.4
    # via httpcore
    # via httpx
    # via netcdf4
    # via requests
cftime==1.6.4
    # via netcdf4
charset-normalizer==3.3.2
    # via requests
click==8.1.7
    # via hatch
    # via mne-lsl
    # via userpath
contourpy==1.2.1
    # via matplotlib
cycler==0.12.1
    # via matplotlib
decorator==5.1.1
    # via mne
distlib==0.3.8
    # via virtualenv
filelock==3.15.4
    # via virtualenv
filterpy==1.4.5
    # via py-neuromodulation
fonttools==4.53.1
    # via matplotlib
fooof==1.1.0
    # via py-neuromodulation
future==1.0.0
    # via nolds
h11==0.14.0
    # via httpcore
hatch==1.12.0
    # via py-neuromodulation
hatchling==1.25.0
    # via hatch
httpcore==1.0.5
    # via httpx
httpx==0.27.0
    # via hatch
hyperlink==21.0.0
    # via hatch
idna==3.7
    # via anyio
    # via httpx
    # via hyperlink
    # via requests
imageio==2.35.1
    # via scikit-image
imbalanced-learn==0.12.3
    # via py-neuromodulation
jaraco-classes==3.4.0
    # via keyring
jaraco-context==6.0.1
    # via keyring
jaraco-functools==4.0.2
    # via keyring
jinja2==3.1.4
    # via mne
    # via mrmr-selection
joblib==1.4.2
    # via imbalanced-learn
    # via mrmr-selection
    # via py-neuromodulation
    # via pybispectra
    # via scikit-learn
    # via scikit-optimize
keyring==25.3.0
    # via hatch
kiwisolver==1.4.5
    # via matplotlib
lazy-loader==0.4
    # via mne
    # via scikit-image
llvmlite==0.43.0
    # via numba
markdown-it-py==3.0.0
    # via rich
markupsafe==2.1.5
    # via jinja2
matplotlib==3.9.2
    # via filterpy
    # via mne
    # via py-neuromodulation
    # via pybispectra
    # via pyparrm
    # via seaborn
mdurl==0.1.2
    # via markdown-it-py
mne==1.8.0
    # via mne-bids
    # via mne-connectivity
    # via mne-lsl
    # via py-neuromodulation
    # via pybispectra
mne-bids==0.15.0
    # via py-neuromodulation
mne-connectivity==0.7.0
    # via py-neuromodulation
mne-lsl==1.5.0
    # via py-neuromodulation
more-itertools==10.4.0
    # via jaraco-classes
    # via jaraco-functools
mrmr-selection==0.2.8
    # via py-neuromodulation
netcdf4==1.7.1.post2
    # via mne-connectivity
networkx==3.3
    # via scikit-image
nibabel==5.2.1
    # via py-neuromodulation
nolds==0.6.0
    # via py-neuromodulation
numba==0.60.0
    # via pybispectra
numpy==1.26.4
    # via category-encoders
    # via cftime
    # via contourpy
    # via filterpy
    # via fooof
    # via imageio
    # via imbalanced-learn
    # via matplotlib
    # via mne
    # via mne-bids
    # via mne-connectivity
    # via mne-lsl
    # via mrmr-selection
    # via netcdf4
    # via nibabel
    # via nolds
    # via numba
    # via pandas
    # via patsy
    # via py-neuromodulation
    # via pyarrow
    # via pybispectra
    # via pyparrm
    # via pyqtgraph
    # via scikit-image
    # via scikit-learn
    # via scikit-optimize
    # via scipy
    # via seaborn
    # via statsmodels
    # via tifffile
    # via xarray
packaging==24.1
    # via hatch
    # via hatchling
    # via lazy-loader
    # via matplotlib
    # via mne
    # via mne-lsl
    # via nibabel
    # via pooch
    # via qtpy
    # via scikit-image
    # via scikit-optimize
    # via statsmodels
    # via xarray
pandas==2.2.2
    # via category-encoders
    # via mne-connectivity
    # via mrmr-selection
    # via py-neuromodulation
    # via seaborn
    # via statsmodels
    # via xarray
pathspec==0.12.1
    # via hatchling
patsy==0.5.6
    # via category-encoders
    # via statsmodels
pexpect==4.9.0
    # via hatch
pillow==10.4.0
    # via imageio
    # via matplotlib
    # via scikit-image
pip==24.2
    # via py-neuromodulation
platformdirs==4.2.2
    # via hatch
    # via pooch
    # via virtualenv
pluggy==1.5.0
    # via hatchling
polars==1.5.0
    # via mrmr-selection
pooch==1.8.2
    # via mne
    # via mne-lsl
pqdm==0.2.0
    # via pybispectra
    # via pyparrm
psutil==6.0.0
    # via mne-lsl
ptyprocess==0.7.0
    # via pexpect
py-neuromodulation==0.0.5
    # via rns-barque-detection
pyaml==24.7.0
    # via scikit-optimize
pyarrow==17.0.0
    # via py-neuromodulation
pybispectra==1.0.0
    # via py-neuromodulation
pydantic==2.8.2
    # via py-neuromodulation
pydantic-core==2.20.1
    # via pydantic
pygments==2.18.0
    # via rich
pynput==1.7.7
    # via py-neuromodulation
pyobjc-core==10.3.1
    # via pyobjc-framework-applicationservices
    # via pyobjc-framework-cocoa
    # via pyobjc-framework-coretext
    # via pyobjc-framework-quartz
pyobjc-framework-applicationservices==10.3.1
    # via pynput
pyobjc-framework-cocoa==10.3.1
    # via pyobjc-framework-applicationservices
    # via pyobjc-framework-coretext
    # via pyobjc-framework-quartz
pyobjc-framework-coretext==10.3.1
    # via pyobjc-framework-applicationservices
pyobjc-framework-quartz==10.3.1
    # via pynput
    # via pyobjc-framework-applicationservices
    # via pyobjc-framework-coretext
pyparrm==1.1.0
    # via py-neuromodulation
pyparsing==3.1.2
    # via matplotlib
pyqt5==5.15.11
    # via py-neuromodulation
pyqt5-qt5==5.15.14
    # via pyqt5
pyqt5-sip==12.15.0
    # via pyqt5
pyqtgraph==0.13.7
    # via mne-lsl
python-dateutil==2.9.0.post0
    # via matplotlib
    # via pandas
pytz==2024.1
    # via pandas
pyyaml==6.0.2
    # via pyaml
qtpy==2.4.1
    # via mne-lsl
requests==2.32.3
    # via mne-lsl
    # via pooch
rich==13.7.1
    # via hatch
scikit-image==0.24.0
    # via py-neuromodulation
scikit-learn==1.5.1
    # via category-encoders
    # via imbalanced-learn
    # via mrmr-selection
    # via py-neuromodulation
    # via scikit-optimize
scikit-optimize==0.10.2
    # via py-neuromodulation
scipy==1.14.1
    # via category-encoders
    # via filterpy
    # via fooof
    # via imbalanced-learn
    # via mne
    # via mne-bids
    # via mne-connectivity
    # via mne-lsl
    # via mrmr-selection
    # via py-neuromodulation
    # via pybispectra
    # via pyparrm
    # via scikit-image
    # via scikit-learn
    # via scikit-optimize
    # via statsmodels
seaborn==0.13.2
    # via py-neuromodulation
setuptools==73.0.1
    # via nolds
shellingham==1.5.4
    # via hatch
six==1.16.0
    # via patsy
    # via pynput
    # via python-dateutil
sniffio==1.3.1
    # via anyio
    # via httpx
statsmodels==0.14.2
    # via category-encoders
    # via py-neuromodulation
threadpoolctl==3.5.0
    # via imbalanced-learn
    # via scikit-learn
tifffile==2024.8.10
    # via scikit-image
tomli-w==1.0.0
    # via hatch
tomlkit==0.13.2
    # via hatch
tqdm==4.66.5
    # via mne
    # via mne-connectivity
    # via mrmr-selection
    # via pqdm
trove-classifiers==2024.7.2
    # via hatchling
typing-extensions==4.12.2
    # via pqdm
    # via pydantic
    # via pydantic-core
tzdata==2024.1
    # via pandas
urllib3==2.2.2
    # via requests
userpath==1.9.2
    # via hatch
uv==0.3.0
    # via hatch
virtualenv==20.26.3
    # via hatch
xarray==2024.7.0
    # via mne-connectivity
zstandard==0.23.0
    # via hatch
